Microsoft Visual Studio Solution File, Format Version 12.00
# Visual Studio Version 17
VisualStudioVersion = 17.5.2.0
MinimumVisualStudioVersion = 10.0.40219.1
Project("{FAE04EC0-301F-11D3-BF4B-00C04F79EFBC}") = "contosopizza-aspnet-webapi", "contosopizza-aspnet-webapi.csproj", "{BB039A49-98CF-62CA-FF39-363C46EB591E}"
EndProject
Global
	GlobalSection(SolutionConfigurationPlatforms) = preSolution
		Debug|Any CPU = Debug|Any CPU
		Release|Any CPU = Release|Any CPU
	EndGlobalSection
	GlobalSection(ProjectConfigurationPlatforms) = postSolution
		{BB039A49-98CF-62CA-FF39-363C46EB591E}.Debug|Any CPU.ActiveCfg = Debug|Any CPU
		{BB039A49-98CF-62CA-FF39-363C46EB591E}.Debug|Any CPU.Build.0 = Debug|Any CPU
		{BB039A49-98CF-62CA-FF39-363C46EB591E}.Release|Any CPU.ActiveCfg = Release|Any CPU
		{BB039A49-98CF-62CA-FF39-363C46EB591E}.Release|Any CPU.Build.0 = Release|Any CPU
	EndGlobalSection
	GlobalSection(SolutionProperties) = preSolution
		HideSolutionNode = FALSE
	EndGlobalSection
	GlobalSection(ExtensibilityGlobals) = postSolution
		SolutionGuid = {1431A660-0519-4F02-BFC9-A80EEECC3B21}
	EndGlobalSection
EndGlobal
